{
    "_meta": {
        "hash": {
            "sha256": "b2f405bad081fdf040fca4a5f232a324883e0952c48c086fb75da161c907a93d"
        },
        "pipfile-spec": 6,
        "requires": {
            "python_version": "3.5"
        },
        "sources": [
            {
                "name": "pypi",
                "url": "https://pypi.org/simple",
                "verify_ssl": true
            }
        ]
    },
    "default": {
        "elasticsearch6": {
            "hashes": [
                "sha256:40c777d193a021a77bd06e8b0c3284d7a9c3d15ac080a9fa616ddfa58058a73d",
                "sha256:91e304f227cd3cfc17ad3b5ec0518cfcc31af9157fae92aa6f97d20941adc209"
            ],
            "index": "pypi",
            "version": "==6.4.2"
        },
        "urllib3": {
            "hashes": [
                "sha256:2f3db8b19923a873b3e5256dc9c2dedfa883e33d87c690d9c7913e1f40673cdc",
                "sha256:87716c2d2a7121198ebcb7ce7cccf6ce5e9ba539041cfbaeecfb641dc0bf6acc"
            ],
            "version": "==1.25.8"
        }
    },
    "develop": {}
}
